Microsoft Visual Studio Solution File, Format Version 12.00
# Visual Studio 11
Project("{8BC9CEB8-8B4A-11D0-8D11-00A0C91BC942}") = "ALL_BUILD", "ALL_BUILD.vcxproj", "{18F5077C-3703-4498-A3FF-720F59FE9750}"
	ProjectSection(ProjectDependencies) = postProject
		{151F0B9A-E4F5-476E-B789-A43D332659EB} = {151F0B9A-E4F5-476E-B789-A43D332659EB}
		{883CB2E8-CD19-445A-9369-6748874B41E7} = {883CB2E8-CD19-445A-9369-6748874B41E7}
		{9A489752-0202-42CB-BED1-78C28057CAEC} = {9A489752-0202-42CB-BED1-78C28057CAEC}
		{0229D205-73C9-4309-A762-697E2BC2DE6D} = {0229D205-73C9-4309-A762-697E2BC2DE6D}
	EndProjectSection
EndProject
Project("{8BC9CEB8-8B4A-11D0-8D11-00A0C91BC942}") = "INSTALL", "INSTALL.vcxproj", "{351FC5F2-7A19-4ACE-BD2F-578F3DC1C9D3}"
	ProjectSection(ProjectDependencies) = postProject
		{18F5077C-3703-4498-A3FF-720F59FE9750} = {18F5077C-3703-4498-A3FF-720F59FE9750}
	EndProjectSection
EndProject
Project("{8BC9CEB8-8B4A-11D0-8D11-00A0C91BC942}") = "IlmImf", "..\..\3rdparty\openexr\IlmImf.vcxproj", "{7A96D501-6412-4C3C-94A7-B80D9E91716A}"
	ProjectSection(ProjectDependencies) = postProject
		{07AFFAB2-9F52-46C8-85E4-8AD061F51BF9} = {07AFFAB2-9F52-46C8-85E4-8AD061F51BF9}
		{3A0D1499-8A99-423B-952E-09ABFB699D6D} = {3A0D1499-8A99-423B-952E-09ABFB699D6D}
	EndProjectSection
EndProject
Project("{8BC9CEB8-8B4A-11D0-8D11-00A0C91BC942}") = "ZERO_CHECK", "..\..\ZERO_CHECK.vcxproj", "{07AFFAB2-9F52-46C8-85E4-8AD061F51BF9}"
	ProjectSection(ProjectDependencies) = postProject
	EndProjectSection
EndProject
Project("{8BC9CEB8-8B4A-11D0-8D11-00A0C91BC942}") = "libjasper", "..\..\3rdparty\libjasper\libjasper.vcxproj", "{A7532616-0C76-44D3-BFF7-C607AA6DE3D5}"
	ProjectSection(ProjectDependencies) = postProject
		{07AFFAB2-9F52-46C8-85E4-8AD061F51BF9} = {07AFFAB2-9F52-46C8-85E4-8AD061F51BF9}
	EndProjectSection
EndProject
Project("{8BC9CEB8-8B4A-11D0-8D11-00A0C91BC942}") = "libjpeg", "..\..\3rdparty\libjpeg\libjpeg.vcxproj", "{1231CE36-6E41-4D9B-BD48-8F290D1B9125}"
	ProjectSection(ProjectDependencies) = postProject
		{07AFFAB2-9F52-46C8-85E4-8AD061F51BF9} = {07AFFAB2-9F52-46C8-85E4-8AD061F51BF9}
	EndProjectSection
EndProject
Project("{8BC9CEB8-8B4A-11D0-8D11-00A0C91BC942}") = "libpng", "..\..\3rdparty\libpng\libpng.vcxproj", "{D4742D09-C4B9-4030-B2B5-8004736ADDCB}"
	ProjectSection(ProjectDependencies) = postProject
		{07AFFAB2-9F52-46C8-85E4-8AD061F51BF9} = {07AFFAB2-9F52-46C8-85E4-8AD061F51BF9}
		{3A0D1499-8A99-423B-952E-09ABFB699D6D} = {3A0D1499-8A99-423B-952E-09ABFB699D6D}
	EndProjectSection
EndProject
Project("{8BC9CEB8-8B4A-11D0-8D11-00A0C91BC942}") = "libtiff", "..\..\3rdparty\libtiff\libtiff.vcxproj", "{43E08044-D823-4BDC-AEBD-7F0C1C868A4E}"
	ProjectSection(ProjectDependencies) = postProject
		{07AFFAB2-9F52-46C8-85E4-8AD061F51BF9} = {07AFFAB2-9F52-46C8-85E4-8AD061F51BF9}
		{3A0D1499-8A99-423B-952E-09ABFB699D6D} = {3A0D1499-8A99-423B-952E-09ABFB699D6D}
	EndProjectSection
EndProject
Project("{8BC9CEB8-8B4A-11D0-8D11-00A0C91BC942}") = "opencv_calib3d", "..\..\modules\calib3d\opencv_calib3d.vcxproj", "{BE9263BB-0FA0-4639-A2CC-FA688805410F}"
	ProjectSection(ProjectDependencies) = postProject
		{07AFFAB2-9F52-46C8-85E4-8AD061F51BF9} = {07AFFAB2-9F52-46C8-85E4-8AD061F51BF9}
		{072E1276-2164-4872-9A8C-99C9C1C65F6D} = {072E1276-2164-4872-9A8C-99C9C1C65F6D}
		{A597643C-4594-4394-817B-2E51C80E413A} = {A597643C-4594-4394-817B-2E51C80E413A}
		{25FF07D2-9C54-4E9B-8120-D089CE17A12C} = {25FF07D2-9C54-4E9B-8120-D089CE17A12C}
		{5A45043B-6755-41EA-A9FA-F57D3502B94D} = {5A45043B-6755-41EA-A9FA-F57D3502B94D}
		{8169A210-3F68-4AC4-A9EC-2C9A01D5AE3E} = {8169A210-3F68-4AC4-A9EC-2C9A01D5AE3E}
	EndProjectSection
EndProject
Project("{8BC9CEB8-8B4A-11D0-8D11-00A0C91BC942}") = "opencv_core", "..\..\modules\core\opencv_core.vcxproj", "{072E1276-2164-4872-9A8C-99C9C1C65F6D}"
	ProjectSection(ProjectDependencies) = postProject
		{07AFFAB2-9F52-46C8-85E4-8AD061F51BF9} = {07AFFAB2-9F52-46C8-85E4-8AD061F51BF9}
		{3A0D1499-8A99-423B-952E-09ABFB699D6D} = {3A0D1499-8A99-423B-952E-09ABFB699D6D}
	EndProjectSection
EndProject
Project("{8BC9CEB8-8B4A-11D0-8D11-00A0C91BC942}") = "opencv_createsamples", "opencv_createsamples.vcxproj", "{151F0B9A-E4F5-476E-B789-A43D332659EB}"
	ProjectSection(ProjectDependencies) = postProject
		{07AFFAB2-9F52-46C8-85E4-8AD061F51BF9} = {07AFFAB2-9F52-46C8-85E4-8AD061F51BF9}
		{BE9263BB-0FA0-4639-A2CC-FA688805410F} = {BE9263BB-0FA0-4639-A2CC-FA688805410F}
		{072E1276-2164-4872-9A8C-99C9C1C65F6D} = {072E1276-2164-4872-9A8C-99C9C1C65F6D}
		{A597643C-4594-4394-817B-2E51C80E413A} = {A597643C-4594-4394-817B-2E51C80E413A}
		{25FF07D2-9C54-4E9B-8120-D089CE17A12C} = {25FF07D2-9C54-4E9B-8120-D089CE17A12C}
		{9A489752-0202-42CB-BED1-78C28057CAEC} = {9A489752-0202-42CB-BED1-78C28057CAEC}
		{5A45043B-6755-41EA-A9FA-F57D3502B94D} = {5A45043B-6755-41EA-A9FA-F57D3502B94D}
		{8169A210-3F68-4AC4-A9EC-2C9A01D5AE3E} = {8169A210-3F68-4AC4-A9EC-2C9A01D5AE3E}
		{F2A67C19-86FB-46E2-A75D-0AC1BAFA16B5} = {F2A67C19-86FB-46E2-A75D-0AC1BAFA16B5}
		{4893427F-B2B6-44D8-B821-F718AA8DC016} = {4893427F-B2B6-44D8-B821-F718AA8DC016}
		{2F540E9B-3544-4FCC-82D6-FF3FBC4AC562} = {2F540E9B-3544-4FCC-82D6-FF3FBC4AC562}
	EndProjectSection
EndProject
Project("{8BC9CEB8-8B4A-11D0-8D11-00A0C91BC942}") = "opencv_features2d", "..\..\modules\features2d\opencv_features2d.vcxproj", "{A597643C-4594-4394-817B-2E51C80E413A}"
	ProjectSection(ProjectDependencies) = postProject
		{07AFFAB2-9F52-46C8-85E4-8AD061F51BF9} = {07AFFAB2-9F52-46C8-85E4-8AD061F51BF9}
		{072E1276-2164-4872-9A8C-99C9C1C65F6D} = {072E1276-2164-4872-9A8C-99C9C1C65F6D}
		{25FF07D2-9C54-4E9B-8120-D089CE17A12C} = {25FF07D2-9C54-4E9B-8120-D089CE17A12C}
		{5A45043B-6755-41EA-A9FA-F57D3502B94D} = {5A45043B-6755-41EA-A9FA-F57D3502B94D}
		{8169A210-3F68-4AC4-A9EC-2C9A01D5AE3E} = {8169A210-3F68-4AC4-A9EC-2C9A01D5AE3E}
	EndProjectSection
EndProject
Project("{8BC9CEB8-8B4A-11D0-8D11-00A0C91BC942}") = "opencv_flann", "..\..\modules\flann\opencv_flann.vcxproj", "{25FF07D2-9C54-4E9B-8120-D089CE17A12C}"
	ProjectSection(ProjectDependencies) = postProject
		{07AFFAB2-9F52-46C8-85E4-8AD061F51BF9} = {07AFFAB2-9F52-46C8-85E4-8AD061F51BF9}
		{072E1276-2164-4872-9A8C-99C9C1C65F6D} = {072E1276-2164-4872-9A8C-99C9C1C65F6D}
	EndProjectSection
EndProject
Project("{8BC9CEB8-8B4A-11D0-8D11-00A0C91BC942}") = "opencv_haartraining", "opencv_haartraining.vcxproj", "{883CB2E8-CD19-445A-9369-6748874B41E7}"
	ProjectSection(ProjectDependencies) = postProject
		{07AFFAB2-9F52-46C8-85E4-8AD061F51BF9} = {07AFFAB2-9F52-46C8-85E4-8AD061F51BF9}
		{BE9263BB-0FA0-4639-A2CC-FA688805410F} = {BE9263BB-0FA0-4639-A2CC-FA688805410F}
		{072E1276-2164-4872-9A8C-99C9C1C65F6D} = {072E1276-2164-4872-9A8C-99C9C1C65F6D}
		{A597643C-4594-4394-817B-2E51C80E413A} = {A597643C-4594-4394-817B-2E51C80E413A}
		{25FF07D2-9C54-4E9B-8120-D089CE17A12C} = {25FF07D2-9C54-4E9B-8120-D089CE17A12C}
		{9A489752-0202-42CB-BED1-78C28057CAEC} = {9A489752-0202-42CB-BED1-78C28057CAEC}
		{5A45043B-6755-41EA-A9FA-F57D3502B94D} = {5A45043B-6755-41EA-A9FA-F57D3502B94D}
		{8169A210-3F68-4AC4-A9EC-2C9A01D5AE3E} = {8169A210-3F68-4AC4-A9EC-2C9A01D5AE3E}
		{F2A67C19-86FB-46E2-A75D-0AC1BAFA16B5} = {F2A67C19-86FB-46E2-A75D-0AC1BAFA16B5}
		{4893427F-B2B6-44D8-B821-F718AA8DC016} = {4893427F-B2B6-44D8-B821-F718AA8DC016}
		{2F540E9B-3544-4FCC-82D6-FF3FBC4AC562} = {2F540E9B-3544-4FCC-82D6-FF3FBC4AC562}
	EndProjectSection
EndProject
Project("{8BC9CEB8-8B4A-11D0-8D11-00A0C91BC942}") = "opencv_haartraining_engine", "opencv_haartraining_engine.vcxproj", "{9A489752-0202-42CB-BED1-78C28057CAEC}"
	ProjectSection(ProjectDependencies) = postProject
		{07AFFAB2-9F52-46C8-85E4-8AD061F51BF9} = {07AFFAB2-9F52-46C8-85E4-8AD061F51BF9}
		{BE9263BB-0FA0-4639-A2CC-FA688805410F} = {BE9263BB-0FA0-4639-A2CC-FA688805410F}
		{072E1276-2164-4872-9A8C-99C9C1C65F6D} = {072E1276-2164-4872-9A8C-99C9C1C65F6D}
		{A597643C-4594-4394-817B-2E51C80E413A} = {A597643C-4594-4394-817B-2E51C80E413A}
		{25FF07D2-9C54-4E9B-8120-D089CE17A12C} = {25FF07D2-9C54-4E9B-8120-D089CE17A12C}
		{5A45043B-6755-41EA-A9FA-F57D3502B94D} = {5A45043B-6755-41EA-A9FA-F57D3502B94D}
		{8169A210-3F68-4AC4-A9EC-2C9A01D5AE3E} = {8169A210-3F68-4AC4-A9EC-2C9A01D5AE3E}
		{F2A67C19-86FB-46E2-A75D-0AC1BAFA16B5} = {F2A67C19-86FB-46E2-A75D-0AC1BAFA16B5}
		{4893427F-B2B6-44D8-B821-F718AA8DC016} = {4893427F-B2B6-44D8-B821-F718AA8DC016}
		{2F540E9B-3544-4FCC-82D6-FF3FBC4AC562} = {2F540E9B-3544-4FCC-82D6-FF3FBC4AC562}
	EndProjectSection
EndProject
Project("{8BC9CEB8-8B4A-11D0-8D11-00A0C91BC942}") = "opencv_highgui", "..\..\modules\highgui\opencv_highgui.vcxproj", "{5A45043B-6755-41EA-A9FA-F57D3502B94D}"
	ProjectSection(ProjectDependencies) = postProject
		{7A96D501-6412-4C3C-94A7-B80D9E91716A} = {7A96D501-6412-4C3C-94A7-B80D9E91716A}
		{07AFFAB2-9F52-46C8-85E4-8AD061F51BF9} = {07AFFAB2-9F52-46C8-85E4-8AD061F51BF9}
		{A7532616-0C76-44D3-BFF7-C607AA6DE3D5} = {A7532616-0C76-44D3-BFF7-C607AA6DE3D5}
		{1231CE36-6E41-4D9B-BD48-8F290D1B9125} = {1231CE36-6E41-4D9B-BD48-8F290D1B9125}
		{D4742D09-C4B9-4030-B2B5-8004736ADDCB} = {D4742D09-C4B9-4030-B2B5-8004736ADDCB}
		{43E08044-D823-4BDC-AEBD-7F0C1C868A4E} = {43E08044-D823-4BDC-AEBD-7F0C1C868A4E}
		{072E1276-2164-4872-9A8C-99C9C1C65F6D} = {072E1276-2164-4872-9A8C-99C9C1C65F6D}
		{8169A210-3F68-4AC4-A9EC-2C9A01D5AE3E} = {8169A210-3F68-4AC4-A9EC-2C9A01D5AE3E}
		{3A0D1499-8A99-423B-952E-09ABFB699D6D} = {3A0D1499-8A99-423B-952E-09ABFB699D6D}
	EndProjectSection
EndProject
Project("{8BC9CEB8-8B4A-11D0-8D11-00A0C91BC942}") = "opencv_imgproc", "..\..\modules\imgproc\opencv_imgproc.vcxproj", "{8169A210-3F68-4AC4-A9EC-2C9A01D5AE3E}"
	ProjectSection(ProjectDependencies) = postProject
		{07AFFAB2-9F52-46C8-85E4-8AD061F51BF9} = {07AFFAB2-9F52-46C8-85E4-8AD061F51BF9}
		{072E1276-2164-4872-9A8C-99C9C1C65F6D} = {072E1276-2164-4872-9A8C-99C9C1C65F6D}
	EndProjectSection
EndProject
Project("{8BC9CEB8-8B4A-11D0-8D11-00A0C91BC942}") = "opencv_legacy", "..\..\modules\legacy\opencv_legacy.vcxproj", "{F2A67C19-86FB-46E2-A75D-0AC1BAFA16B5}"
	ProjectSection(ProjectDependencies) = postProject
		{07AFFAB2-9F52-46C8-85E4-8AD061F51BF9} = {07AFFAB2-9F52-46C8-85E4-8AD061F51BF9}
		{BE9263BB-0FA0-4639-A2CC-FA688805410F} = {BE9263BB-0FA0-4639-A2CC-FA688805410F}
		{072E1276-2164-4872-9A8C-99C9C1C65F6D} = {072E1276-2164-4872-9A8C-99C9C1C65F6D}
		{A597643C-4594-4394-817B-2E51C80E413A} = {A597643C-4594-4394-817B-2E51C80E413A}
		{25FF07D2-9C54-4E9B-8120-D089CE17A12C} = {25FF07D2-9C54-4E9B-8120-D089CE17A12C}
		{5A45043B-6755-41EA-A9FA-F57D3502B94D} = {5A45043B-6755-41EA-A9FA-F57D3502B94D}
		{8169A210-3F68-4AC4-A9EC-2C9A01D5AE3E} = {8169A210-3F68-4AC4-A9EC-2C9A01D5AE3E}
		{5CD4FE44-3FA7-4BDE-A530-9214E790DFF7} = {5CD4FE44-3FA7-4BDE-A530-9214E790DFF7}
		{2F540E9B-3544-4FCC-82D6-FF3FBC4AC562} = {2F540E9B-3544-4FCC-82D6-FF3FBC4AC562}
	EndProjectSection
EndProject
Project("{8BC9CEB8-8B4A-11D0-8D11-00A0C91BC942}") = "opencv_ml", "..\..\modules\ml\opencv_ml.vcxproj", "{5CD4FE44-3FA7-4BDE-A530-9214E790DFF7}"
	ProjectSection(ProjectDependencies) = postProject
		{07AFFAB2-9F52-46C8-85E4-8AD061F51BF9} = {07AFFAB2-9F52-46C8-85E4-8AD061F51BF9}
		{072E1276-2164-4872-9A8C-99C9C1C65F6D} = {072E1276-2164-4872-9A8C-99C9C1C65F6D}
	EndProjectSection
EndProject
Project("{8BC9CEB8-8B4A-11D0-8D11-00A0C91BC942}") = "opencv_objdetect", "..\..\modules\objdetect\opencv_objdetect.vcxproj", "{4893427F-B2B6-44D8-B821-F718AA8DC016}"
	ProjectSection(ProjectDependencies) = postProject
		{07AFFAB2-9F52-46C8-85E4-8AD061F51BF9} = {07AFFAB2-9F52-46C8-85E4-8AD061F51BF9}
		{072E1276-2164-4872-9A8C-99C9C1C65F6D} = {072E1276-2164-4872-9A8C-99C9C1C65F6D}
		{5A45043B-6755-41EA-A9FA-F57D3502B94D} = {5A45043B-6755-41EA-A9FA-F57D3502B94D}
		{8169A210-3F68-4AC4-A9EC-2C9A01D5AE3E} = {8169A210-3F68-4AC4-A9EC-2C9A01D5AE3E}
	EndProjectSection
EndProject
Project("{8BC9CEB8-8B4A-11D0-8D11-00A0C91BC942}") = "opencv_performance", "opencv_performance.vcxproj", "{0229D205-73C9-4309-A762-697E2BC2DE6D}"
	ProjectSection(ProjectDependencies) = postProject
		{07AFFAB2-9F52-46C8-85E4-8AD061F51BF9} = {07AFFAB2-9F52-46C8-85E4-8AD061F51BF9}
		{BE9263BB-0FA0-4639-A2CC-FA688805410F} = {BE9263BB-0FA0-4639-A2CC-FA688805410F}
		{072E1276-2164-4872-9A8C-99C9C1C65F6D} = {072E1276-2164-4872-9A8C-99C9C1C65F6D}
		{A597643C-4594-4394-817B-2E51C80E413A} = {A597643C-4594-4394-817B-2E51C80E413A}
		{25FF07D2-9C54-4E9B-8120-D089CE17A12C} = {25FF07D2-9C54-4E9B-8120-D089CE17A12C}
		{9A489752-0202-42CB-BED1-78C28057CAEC} = {9A489752-0202-42CB-BED1-78C28057CAEC}
		{5A45043B-6755-41EA-A9FA-F57D3502B94D} = {5A45043B-6755-41EA-A9FA-F57D3502B94D}
		{8169A210-3F68-4AC4-A9EC-2C9A01D5AE3E} = {8169A210-3F68-4AC4-A9EC-2C9A01D5AE3E}
		{F2A67C19-86FB-46E2-A75D-0AC1BAFA16B5} = {F2A67C19-86FB-46E2-A75D-0AC1BAFA16B5}
		{4893427F-B2B6-44D8-B821-F718AA8DC016} = {4893427F-B2B6-44D8-B821-F718AA8DC016}
		{2F540E9B-3544-4FCC-82D6-FF3FBC4AC562} = {2F540E9B-3544-4FCC-82D6-FF3FBC4AC562}
	EndProjectSection
EndProject
Project("{8BC9CEB8-8B4A-11D0-8D11-00A0C91BC942}") = "opencv_video", "..\..\modules\video\opencv_video.vcxproj", "{2F540E9B-3544-4FCC-82D6-FF3FBC4AC562}"
	ProjectSection(ProjectDependencies) = postProject
		{07AFFAB2-9F52-46C8-85E4-8AD061F51BF9} = {07AFFAB2-9F52-46C8-85E4-8AD061F51BF9}
		{072E1276-2164-4872-9A8C-99C9C1C65F6D} = {072E1276-2164-4872-9A8C-99C9C1C65F6D}
		{8169A210-3F68-4AC4-A9EC-2C9A01D5AE3E} = {8169A210-3F68-4AC4-A9EC-2C9A01D5AE3E}
	EndProjectSection
EndProject
Project("{8BC9CEB8-8B4A-11D0-8D11-00A0C91BC942}") = "zlib", "..\..\3rdparty\zlib\zlib.vcxproj", "{3A0D1499-8A99-423B-952E-09ABFB699D6D}"
	ProjectSection(ProjectDependencies) = postProject
		{07AFFAB2-9F52-46C8-85E4-8AD061F51BF9} = {07AFFAB2-9F52-46C8-85E4-8AD061F51BF9}
	EndProjectSection
EndProject
Project("{2150E333-8FDC-42A3-9474-1A3956D46DE8}") = "3rdparty", "3rdparty", "{35C319C4-46A7-4A64-A224-1C208AC0111B}"
EndProject
Project("{2150E333-8FDC-42A3-9474-1A3956D46DE8}") = "CMakeTargets", "CMakeTargets", "{B7340BD3-F896-4650-976A-BF5972BA4A3E}"
EndProject
Project("{2150E333-8FDC-42A3-9474-1A3956D46DE8}") = "applications", "applications", "{4D2D14E5-B0EF-473F-BF4E-8D7C4B4AB897}"
EndProject
Project("{2150E333-8FDC-42A3-9474-1A3956D46DE8}") = "bindings", "bindings", "{EA136FA1-2FDE-4DA6-9825-7FA07F62710D}"
EndProject
Project("{2150E333-8FDC-42A3-9474-1A3956D46DE8}") = "extra", "extra", "{995AAB20-41CD-4D6A-A3FC-80052E90619B}"
EndProject
Project("{2150E333-8FDC-42A3-9474-1A3956D46DE8}") = "modules", "modules", "{A1EE6FA6-C2E5-4EDA-A401-9DE80353B8D9}"
EndProject
Project("{2150E333-8FDC-42A3-9474-1A3956D46DE8}") = "tests accuracy", "tests accuracy", "{7148313E-31BA-4302-8767-9BF15F9CA2D9}"
EndProject
Project("{2150E333-8FDC-42A3-9474-1A3956D46DE8}") = "tests performance", "tests performance", "{F1E2058D-386B-48A9-BC76-ED1C8398DCFE}"
EndProject
Global
	GlobalSection(SolutionConfigurationPlatforms) = preSolution
		Debug|Win32 = Debug|Win32
		Release|Win32 = Release|Win32
	EndGlobalSection
	GlobalSection(ProjectConfigurationPlatforms) = postSolution
		{18F5077C-3703-4498-A3FF-720F59FE9750}.Debug|Win32.ActiveCfg = Debug|Win32
		{18F5077C-3703-4498-A3FF-720F59FE9750}.Debug|Win32.Build.0 = Debug|Win32
		{18F5077C-3703-4498-A3FF-720F59FE9750}.Release|Win32.ActiveCfg = Release|Win32
		{18F5077C-3703-4498-A3FF-720F59FE9750}.Release|Win32.Build.0 = Release|Win32
		{351FC5F2-7A19-4ACE-BD2F-578F3DC1C9D3}.Debug|Win32.ActiveCfg = Debug|Win32
		{351FC5F2-7A19-4ACE-BD2F-578F3DC1C9D3}.Release|Win32.ActiveCfg = Release|Win32
		{7A96D501-6412-4C3C-94A7-B80D9E91716A}.Debug|Win32.ActiveCfg = Debug|Win32
		{7A96D501-6412-4C3C-94A7-B80D9E91716A}.Debug|Win32.Build.0 = Debug|Win32
		{7A96D501-6412-4C3C-94A7-B80D9E91716A}.Release|Win32.ActiveCfg = Release|Win32
		{7A96D501-6412-4C3C-94A7-B80D9E91716A}.Release|Win32.Build.0 = Release|Win32
		{07AFFAB2-9F52-46C8-85E4-8AD061F51BF9}.Debug|Win32.ActiveCfg = Debug|Win32
		{07AFFAB2-9F52-46C8-85E4-8AD061F51BF9}.Debug|Win32.Build.0 = Debug|Win32
		{07AFFAB2-9F52-46C8-85E4-8AD061F51BF9}.Release|Win32.ActiveCfg = Release|Win32
		{07AFFAB2-9F52-46C8-85E4-8AD061F51BF9}.Release|Win32.Build.0 = Release|Win32
		{A7532616-0C76-44D3-BFF7-C607AA6DE3D5}.Debug|Win32.ActiveCfg = Debug|Win32
		{A7532616-0C76-44D3-BFF7-C607AA6DE3D5}.Debug|Win32.Build.0 = Debug|Win32
		{A7532616-0C76-44D3-BFF7-C607AA6DE3D5}.Release|Win32.ActiveCfg = Release|Win32
		{A7532616-0C76-44D3-BFF7-C607AA6DE3D5}.Release|Win32.Build.0 = Release|Win32
		{1231CE36-6E41-4D9B-BD48-8F290D1B9125}.Debug|Win32.ActiveCfg = Debug|Win32
		{1231CE36-6E41-4D9B-BD48-8F290D1B9125}.Debug|Win32.Build.0 = Debug|Win32
		{1231CE36-6E41-4D9B-BD48-8F290D1B9125}.Release|Win32.ActiveCfg = Release|Win32
		{1231CE36-6E41-4D9B-BD48-8F290D1B9125}.Release|Win32.Build.0 = Release|Win32
		{D4742D09-C4B9-4030-B2B5-8004736ADDCB}.Debug|Win32.ActiveCfg = Debug|Win32
		{D4742D09-C4B9-4030-B2B5-8004736ADDCB}.Debug|Win32.Build.0 = Debug|Win32
		{D4742D09-C4B9-4030-B2B5-8004736ADDCB}.Release|Win32.ActiveCfg = Release|Win32
		{D4742D09-C4B9-4030-B2B5-8004736ADDCB}.Release|Win32.Build.0 = Release|Win32
		{43E08044-D823-4BDC-AEBD-7F0C1C868A4E}.Debug|Win32.ActiveCfg = Debug|Win32
		{43E08044-D823-4BDC-AEBD-7F0C1C868A4E}.Debug|Win32.Build.0 = Debug|Win32
		{43E08044-D823-4BDC-AEBD-7F0C1C868A4E}.Release|Win32.ActiveCfg = Release|Win32
		{43E08044-D823-4BDC-AEBD-7F0C1C868A4E}.Release|Win32.Build.0 = Release|Win32
		{BE9263BB-0FA0-4639-A2CC-FA688805410F}.Debug|Win32.ActiveCfg = Debug|Win32
		{BE9263BB-0FA0-4639-A2CC-FA688805410F}.Debug|Win32.Build.0 = Debug|Win32
		{BE9263BB-0FA0-4639-A2CC-FA688805410F}.Release|Win32.ActiveCfg = Release|Win32
		{BE9263BB-0FA0-4639-A2CC-FA688805410F}.Release|Win32.Build.0 = Release|Win32
		{072E1276-2164-4872-9A8C-99C9C1C65F6D}.Debug|Win32.ActiveCfg = Debug|Win32
		{072E1276-2164-4872-9A8C-99C9C1C65F6D}.Debug|Win32.Build.0 = Debug|Win32
		{072E1276-2164-4872-9A8C-99C9C1C65F6D}.Release|Win32.ActiveCfg = Release|Win32
		{072E1276-2164-4872-9A8C-99C9C1C65F6D}.Release|Win32.Build.0 = Release|Win32
		{151F0B9A-E4F5-476E-B789-A43D332659EB}.Debug|Win32.ActiveCfg = Debug|Win32
		{151F0B9A-E4F5-476E-B789-A43D332659EB}.Debug|Win32.Build.0 = Debug|Win32
		{151F0B9A-E4F5-476E-B789-A43D332659EB}.Release|Win32.ActiveCfg = Release|Win32
		{151F0B9A-E4F5-476E-B789-A43D332659EB}.Release|Win32.Build.0 = Release|Win32
		{A597643C-4594-4394-817B-2E51C80E413A}.Debug|Win32.ActiveCfg = Debug|Win32
		{A597643C-4594-4394-817B-2E51C80E413A}.Debug|Win32.Build.0 = Debug|Win32
		{A597643C-4594-4394-817B-2E51C80E413A}.Release|Win32.ActiveCfg = Release|Win32
		{A597643C-4594-4394-817B-2E51C80E413A}.Release|Win32.Build.0 = Release|Win32
		{25FF07D2-9C54-4E9B-8120-D089CE17A12C}.Debug|Win32.ActiveCfg = Debug|Win32
		{25FF07D2-9C54-4E9B-8120-D089CE17A12C}.Debug|Win32.Build.0 = Debug|Win32
		{25FF07D2-9C54-4E9B-8120-D089CE17A12C}.Release|Win32.ActiveCfg = Release|Win32
		{25FF07D2-9C54-4E9B-8120-D089CE17A12C}.Release|Win32.Build.0 = Release|Win32
		{883CB2E8-CD19-445A-9369-6748874B41E7}.Debug|Win32.ActiveCfg = Debug|Win32
		{883CB2E8-CD19-445A-9369-6748874B41E7}.Debug|Win32.Build.0 = Debug|Win32
		{883CB2E8-CD19-445A-9369-6748874B41E7}.Release|Win32.ActiveCfg = Release|Win32
		{883CB2E8-CD19-445A-9369-6748874B41E7}.Release|Win32.Build.0 = Release|Win32
		{9A489752-0202-42CB-BED1-78C28057CAEC}.Debug|Win32.ActiveCfg = Debug|Win32
		{9A489752-0202-42CB-BED1-78C28057CAEC}.Debug|Win32.Build.0 = Debug|Win32
		{9A489752-0202-42CB-BED1-78C28057CAEC}.Release|Win32.ActiveCfg = Release|Win32
		{9A489752-0202-42CB-BED1-78C28057CAEC}.Release|Win32.Build.0 = Release|Win32
		{5A45043B-6755-41EA-A9FA-F57D3502B94D}.Debug|Win32.ActiveCfg = Debug|Win32
		{5A45043B-6755-41EA-A9FA-F57D3502B94D}.Debug|Win32.Build.0 = Debug|Win32
		{5A45043B-6755-41EA-A9FA-F57D3502B94D}.Release|Win32.ActiveCfg = Release|Win32
		{5A45043B-6755-41EA-A9FA-F57D3502B94D}.Release|Win32.Build.0 = Release|Win32
		{8169A210-3F68-4AC4-A9EC-2C9A01D5AE3E}.Debug|Win32.ActiveCfg = Debug|Win32
		{8169A210-3F68-4AC4-A9EC-2C9A01D5AE3E}.Debug|Win32.Build.0 = Debug|Win32
		{8169A210-3F68-4AC4-A9EC-2C9A01D5AE3E}.Release|Win32.ActiveCfg = Release|Win32
		{8169A210-3F68-4AC4-A9EC-2C9A01D5AE3E}.Release|Win32.Build.0 = Release|Win32
		{F2A67C19-86FB-46E2-A75D-0AC1BAFA16B5}.Debug|Win32.ActiveCfg = Debug|Win32
		{F2A67C19-86FB-46E2-A75D-0AC1BAFA16B5}.Debug|Win32.Build.0 = Debug|Win32
		{F2A67C19-86FB-46E2-A75D-0AC1BAFA16B5}.Release|Win32.ActiveCfg = Release|Win32
		{F2A67C19-86FB-46E2-A75D-0AC1BAFA16B5}.Release|Win32.Build.0 = Release|Win32
		{5CD4FE44-3FA7-4BDE-A530-9214E790DFF7}.Debug|Win32.ActiveCfg = Debug|Win32
		{5CD4FE44-3FA7-4BDE-A530-9214E790DFF7}.Debug|Win32.Build.0 = Debug|Win32
		{5CD4FE44-3FA7-4BDE-A530-9214E790DFF7}.Release|Win32.ActiveCfg = Release|Win32
		{5CD4FE44-3FA7-4BDE-A530-9214E790DFF7}.Release|Win32.Build.0 = Release|Win32
		{4893427F-B2B6-44D8-B821-F718AA8DC016}.Debug|Win32.ActiveCfg = Debug|Win32
		{4893427F-B2B6-44D8-B821-F718AA8DC016}.Debug|Win32.Build.0 = Debug|Win32
		{4893427F-B2B6-44D8-B821-F718AA8DC016}.Release|Win32.ActiveCfg = Release|Win32
		{4893427F-B2B6-44D8-B821-F718AA8DC016}.Release|Win32.Build.0 = Release|Win32
		{0229D205-73C9-4309-A762-697E2BC2DE6D}.Debug|Win32.ActiveCfg = Debug|Win32
		{0229D205-73C9-4309-A762-697E2BC2DE6D}.Debug|Win32.Build.0 = Debug|Win32
		{0229D205-73C9-4309-A762-697E2BC2DE6D}.Release|Win32.ActiveCfg = Release|Win32
		{0229D205-73C9-4309-A762-697E2BC2DE6D}.Release|Win32.Build.0 = Release|Win32
		{2F540E9B-3544-4FCC-82D6-FF3FBC4AC562}.Debug|Win32.ActiveCfg = Debug|Win32
		{2F540E9B-3544-4FCC-82D6-FF3FBC4AC562}.Debug|Win32.Build.0 = Debug|Win32
		{2F540E9B-3544-4FCC-82D6-FF3FBC4AC562}.Release|Win32.ActiveCfg = Release|Win32
		{2F540E9B-3544-4FCC-82D6-FF3FBC4AC562}.Release|Win32.Build.0 = Release|Win32
		{3A0D1499-8A99-423B-952E-09ABFB699D6D}.Debug|Win32.ActiveCfg = Debug|Win32
		{3A0D1499-8A99-423B-952E-09ABFB699D6D}.Debug|Win32.Build.0 = Debug|Win32
		{3A0D1499-8A99-423B-952E-09ABFB699D6D}.Release|Win32.ActiveCfg = Release|Win32
		{3A0D1499-8A99-423B-952E-09ABFB699D6D}.Release|Win32.Build.0 = Release|Win32
	EndGlobalSection
	GlobalSection(NestedProjects) = preSolution
		{7A96D501-6412-4C3C-94A7-B80D9E91716A} = {35C319C4-46A7-4A64-A224-1C208AC0111B}
		{A7532616-0C76-44D3-BFF7-C607AA6DE3D5} = {35C319C4-46A7-4A64-A224-1C208AC0111B}
		{1231CE36-6E41-4D9B-BD48-8F290D1B9125} = {35C319C4-46A7-4A64-A224-1C208AC0111B}
		{D4742D09-C4B9-4030-B2B5-8004736ADDCB} = {35C319C4-46A7-4A64-A224-1C208AC0111B}
		{43E08044-D823-4BDC-AEBD-7F0C1C868A4E} = {35C319C4-46A7-4A64-A224-1C208AC0111B}
		{3A0D1499-8A99-423B-952E-09ABFB699D6D} = {35C319C4-46A7-4A64-A224-1C208AC0111B}
		{351FC5F2-7A19-4ACE-BD2F-578F3DC1C9D3} = {B7340BD3-F896-4650-976A-BF5972BA4A3E}
		{07AFFAB2-9F52-46C8-85E4-8AD061F51BF9} = {B7340BD3-F896-4650-976A-BF5972BA4A3E}
		{AEC23E81-B8B9-4A4D-97C5-07C0C5E33FD7} = {B7340BD3-F896-4650-976A-BF5972BA4A3E}
		{151F0B9A-E4F5-476E-B789-A43D332659EB} = {4D2D14E5-B0EF-473F-BF4E-8D7C4B4AB897}
		{883CB2E8-CD19-445A-9369-6748874B41E7} = {4D2D14E5-B0EF-473F-BF4E-8D7C4B4AB897}
		{9A489752-0202-42CB-BED1-78C28057CAEC} = {4D2D14E5-B0EF-473F-BF4E-8D7C4B4AB897}
		{0229D205-73C9-4309-A762-697E2BC2DE6D} = {4D2D14E5-B0EF-473F-BF4E-8D7C4B4AB897}
		{11792506-2173-44C1-B2CA-21B47729A9B2} = {4D2D14E5-B0EF-473F-BF4E-8D7C4B4AB897}
		{33C4316D-6AE7-472C-A06D-38DE08414D27} = {EA136FA1-2FDE-4DA6-9825-7FA07F62710D}
		{D6E243CF-5380-4EEB-AF62-1CF35E759706} = {995AAB20-41CD-4D6A-A3FC-80052E90619B}
		{A5DB18DC-27E0-4053-BCE4-0601FFBFBE17} = {995AAB20-41CD-4D6A-A3FC-80052E90619B}
		{CE582A59-6FED-46CE-8200-33279A22D5D9} = {995AAB20-41CD-4D6A-A3FC-80052E90619B}
		{BE9263BB-0FA0-4639-A2CC-FA688805410F} = {A1EE6FA6-C2E5-4EDA-A401-9DE80353B8D9}
		{74176829-54F3-4381-8E9A-9A83F4B34530} = {A1EE6FA6-C2E5-4EDA-A401-9DE80353B8D9}
		{072E1276-2164-4872-9A8C-99C9C1C65F6D} = {A1EE6FA6-C2E5-4EDA-A401-9DE80353B8D9}
		{A597643C-4594-4394-817B-2E51C80E413A} = {A1EE6FA6-C2E5-4EDA-A401-9DE80353B8D9}
		{25FF07D2-9C54-4E9B-8120-D089CE17A12C} = {A1EE6FA6-C2E5-4EDA-A401-9DE80353B8D9}
		{2C61978B-65C5-4004-97A7-C6C46E40D480} = {A1EE6FA6-C2E5-4EDA-A401-9DE80353B8D9}
		{5A45043B-6755-41EA-A9FA-F57D3502B94D} = {A1EE6FA6-C2E5-4EDA-A401-9DE80353B8D9}
		{8169A210-3F68-4AC4-A9EC-2C9A01D5AE3E} = {A1EE6FA6-C2E5-4EDA-A401-9DE80353B8D9}
		{F2A67C19-86FB-46E2-A75D-0AC1BAFA16B5} = {A1EE6FA6-C2E5-4EDA-A401-9DE80353B8D9}
		{5CD4FE44-3FA7-4BDE-A530-9214E790DFF7} = {A1EE6FA6-C2E5-4EDA-A401-9DE80353B8D9}
		{9B470312-3F78-480C-B335-7811D9118502} = {A1EE6FA6-C2E5-4EDA-A401-9DE80353B8D9}
		{4893427F-B2B6-44D8-B821-F718AA8DC016} = {A1EE6FA6-C2E5-4EDA-A401-9DE80353B8D9}
		{91A98950-4CD4-4E8A-B057-CE500B556507} = {A1EE6FA6-C2E5-4EDA-A401-9DE80353B8D9}
		{648D5DBC-09E2-4344-9E72-A00C78E33B0F} = {A1EE6FA6-C2E5-4EDA-A401-9DE80353B8D9}
		{55A4B540-2F2A-4707-9F0E-114C1E6A946A} = {A1EE6FA6-C2E5-4EDA-A401-9DE80353B8D9}
		{F1141D9E-6827-4A6B-B1B5-D88006B0FDEE} = {A1EE6FA6-C2E5-4EDA-A401-9DE80353B8D9}
		{B89BA7DB-912B-4755-9781-FD8C03025780} = {A1EE6FA6-C2E5-4EDA-A401-9DE80353B8D9}
		{2F540E9B-3544-4FCC-82D6-FF3FBC4AC562} = {A1EE6FA6-C2E5-4EDA-A401-9DE80353B8D9}
		{124D94CC-4584-46FF-B1B2-93BF81607530} = {A1EE6FA6-C2E5-4EDA-A401-9DE80353B8D9}
		{24D27D6C-E168-455E-B7A8-55468DE43DAE} = {7148313E-31BA-4302-8767-9BF15F9CA2D9}
		{94828C6B-2187-4226-8CD6-B5AAE3866DAA} = {7148313E-31BA-4302-8767-9BF15F9CA2D9}
		{F5F46A4B-C74D-4E6F-BD9C-CC2D78B1EFEF} = {7148313E-31BA-4302-8767-9BF15F9CA2D9}
		{AD38BDD7-EDC7-4C6B-A9C9-181B70FAE17A} = {7148313E-31BA-4302-8767-9BF15F9CA2D9}
		{2F4766EB-4BB3-485F-A79A-87CC651D8F28} = {7148313E-31BA-4302-8767-9BF15F9CA2D9}
		{83C063C5-8B50-4D3C-B2D1-1277FEC0E371} = {7148313E-31BA-4302-8767-9BF15F9CA2D9}
		{7C12247D-3016-462C-A2EF-88C4CB2B3D57} = {7148313E-31BA-4302-8767-9BF15F9CA2D9}
		{159C260B-44AE-427C-B731-96BF9A001587} = {7148313E-31BA-4302-8767-9BF15F9CA2D9}
		{36A40929-7B2D-42F8-BC4B-9CDE0E5385CE} = {7148313E-31BA-4302-8767-9BF15F9CA2D9}
		{4B26063E-9859-44F6-9179-581DB4DE77F9} = {7148313E-31BA-4302-8767-9BF15F9CA2D9}
		{0552654E-0D7E-4D01-AF08-4D5DDB5C8962} = {7148313E-31BA-4302-8767-9BF15F9CA2D9}
		{78023E6F-3C48-4F07-AE49-977C0D9F19F7} = {7148313E-31BA-4302-8767-9BF15F9CA2D9}
		{C548F408-92A8-4C36-93A3-F9E242BDB077} = {7148313E-31BA-4302-8767-9BF15F9CA2D9}
		{F7219250-9881-4977-A5C1-D96722D5CB30} = {7148313E-31BA-4302-8767-9BF15F9CA2D9}
		{E2386ED0-391D-45BB-A31F-3F438CEC9AC3} = {7148313E-31BA-4302-8767-9BF15F9CA2D9}
		{C8D67D06-5F94-4138-B743-7DD96F4FAA27} = {7148313E-31BA-4302-8767-9BF15F9CA2D9}
		{7E2A881D-1C1D-43FC-A42D-89FFE8777FC1} = {7148313E-31BA-4302-8767-9BF15F9CA2D9}
		{8BDDB5A2-2FFA-426E-AB28-EFC83D030ABC} = {F1E2058D-386B-48A9-BC76-ED1C8398DCFE}
		{357838FC-0934-4F82-910A-8796E35B330E} = {F1E2058D-386B-48A9-BC76-ED1C8398DCFE}
		{8D9D2B2C-AC6F-43AF-B8BE-5C531D83BEC5} = {F1E2058D-386B-48A9-BC76-ED1C8398DCFE}
		{16D9DBE2-75CA-438F-A54E-195C8D3AC6E1} = {F1E2058D-386B-48A9-BC76-ED1C8398DCFE}
		{A743750B-21A9-48D3-A8EA-91C373B5E91C} = {F1E2058D-386B-48A9-BC76-ED1C8398DCFE}
		{987AE4C2-6E0C-4C16-AF1E-0ED216872C58} = {F1E2058D-386B-48A9-BC76-ED1C8398DCFE}
		{73CB0E47-7302-4CEF-9898-05F9FBED303B} = {F1E2058D-386B-48A9-BC76-ED1C8398DCFE}
		{B3D2ECA5-C903-40D0-B4B9-F656CD1DEF5F} = {F1E2058D-386B-48A9-BC76-ED1C8398DCFE}
		{7BE82A61-1D5E-4583-B737-85FE3D6E6AAB} = {F1E2058D-386B-48A9-BC76-ED1C8398DCFE}
		{15CBCCA4-F9B0-434B-871B-CC11F0EC18F2} = {F1E2058D-386B-48A9-BC76-ED1C8398DCFE}
		{FE85F979-7AF5-4CDB-8511-04AD914398B9} = {F1E2058D-386B-48A9-BC76-ED1C8398DCFE}
		{7CA8E9DA-83FE-43FF-8526-F38677791148} = {F1E2058D-386B-48A9-BC76-ED1C8398DCFE}
		{37F7C126-B794-42D9-BA5C-89B64130796E} = {F1E2058D-386B-48A9-BC76-ED1C8398DCFE}
		{593FE110-9956-499F-9A1F-9B4F4311ADC8} = {F1E2058D-386B-48A9-BC76-ED1C8398DCFE}
	EndGlobalSection
	GlobalSection(ExtensibilityGlobals) = postSolution
	EndGlobalSection
	GlobalSection(ExtensibilityAddIns) = postSolution
	EndGlobalSection
EndGlobal
